
Microsoft Visual Studio Solution File, Format Version 12.00
# Visual Studio Version 17
VisualStudioVersion = 17.0.31903.59
MinimumVisualStudioVersion = 10.0.40219.1
Project("{2150E333-8FDC-42A3-9474-1A3956D46DE8}") = "UserService", "UserService", "{5D912FDF-B279-4088-9FF1-FDC9B2432546}"
EndProject
Project("{2150E333-8FDC-42A3-9474-1A3956D46DE8}") = "ScheduleService", "ScheduleService", "{5764C7D0-6AA6-453A-AFDD-17DE86BE25D0}"
EndProject
Project("{2150E333-8FDC-42A3-9474-1A3956D46DE8}") = "UserManagementService", "UserManagementService", "{1DF767BA-EE9D-4B55-95DE-B3437276502A}"
EndProject
Project("{2150E333-8FDC-42A3-9474-1A3956D46DE8}") = "src", "src", "{7BDE10ED-6835-4ACC-AA85-09CBFC2A48C9}"
EndProject
Project("{FAE04EC0-301F-11D3-BF4B-00C04F79EFBC}") = "ScheduleService.Application", "src\ScheduleService\Application\ScheduleService.Application.csproj", "{87DBC5A7-BE73-425A-8DF8-47EC20D8237C}"
EndProject
Project("{FAE04EC0-301F-11D3-BF4B-00C04F79EFBC}") = "ScheduleService.API", "src\ScheduleService\ScheduleService.API\ScheduleService.API.csproj", "{C4A53A0E-77B5-4199-8A57-8D8B8AB77C0F}"
EndProject
Project("{FAE04EC0-301F-11D3-BF4B-00C04F79EFBC}") = "ScheduleService.Data", "src\ScheduleService\ScheduleService.Data\ScheduleService.Data.csproj", "{9AE0A600-55B5-49EA-A12B-7F933CCEA875}"
EndProject
Project("{FAE04EC0-301F-11D3-BF4B-00C04F79EFBC}") = "ScheduleService.Domain", "src\ScheduleService\ScheduleService.Domain\ScheduleService.Domain.csproj", "{3DDC30FF-073B-4BEF-AB3D-5F774385A881}"
EndProject
Project("{FAE04EC0-301F-11D3-BF4B-00C04F79EFBC}") = "UserManagementService.Application", "src\UserManagementService\Application\UserManagementService.Application.csproj", "{7BD1E600-9795-4DB6-AF84-CEEF14318AAD}"
EndProject
Project("{FAE04EC0-301F-11D3-BF4B-00C04F79EFBC}") = "UserManagementService.Data", "src\UserManagementService\Data\UserManagementService.Data.csproj", "{F8F69E13-8E07-4E68-B2B7-D1E28804C7DB}"
EndProject
Project("{FAE04EC0-301F-11D3-BF4B-00C04F79EFBC}") = "UserManagementService.Domain", "src\UserManagementService\Domain\UserManagementService.Domain.csproj", "{A9E6C5C1-FF34-48A4-B474-40EF80AB3D61}"
EndProject
Project("{FAE04EC0-301F-11D3-BF4B-00C04F79EFBC}") = "UserManagementService.API", "src\UserManagementService\UserManagementService.API\UserManagementService.API.csproj", "{ECE7AC12-C2B8-4AE2-8DAF-6CD003885670}"
EndProject
Project("{FAE04EC0-301F-11D3-BF4B-00C04F79EFBC}") = "UserService.Application", "src\UserService\Core\UserService.Application.csproj", "{754B8084-11DE-4AB4-882F-18D499ED0298}"
EndProject
Project("{FAE04EC0-301F-11D3-BF4B-00C04F79EFBC}") = "UserService.Infrastructure", "src\UserService\Data\UserService.Infrastructure.csproj", "{4FBDC395-8DA8-4E09-8D2A-31439C88A5EF}"
EndProject
Project("{FAE04EC0-301F-11D3-BF4B-00C04F79EFBC}") = "UserService.Domain", "src\UserService\Domain\UserService.Domain.csproj", "{0D02750C-E799-48B1-ADDD-4103E2D62D6E}"
EndProject
Project("{FAE04EC0-301F-11D3-BF4B-00C04F79EFBC}") = "UserService.API", "src\UserService\UserService.API\UserService.API.csproj", "{D1C5EF48-41D3-4FD0-BF43-E004F2431F8D}"
EndProject
Project("{2150E333-8FDC-42A3-9474-1A3956D46DE8}") = "tests", "tests", "{69079A05-0AE0-4F01-A952-50F5EB719EAC}"
EndProject
Project("{2150E333-8FDC-42A3-9474-1A3956D46DE8}") = "ScheduleServiceTests", "ScheduleServiceTests", "{C76D6530-909A-430B-B731-EA1F3E23CD40}"
EndProject
Project("{FAE04EC0-301F-11D3-BF4B-00C04F79EFBC}") = "ClassLibrary2", "tests\ScheduleServiceTests\ClassLibrary2\ClassLibrary2.csproj", "{D0C9B5DC-4331-4334-93AF-DBF6C6E4D341}"
EndProject
Project("{2150E333-8FDC-42A3-9474-1A3956D46DE8}") = "UserManagementTests", "UserManagementTests", "{F99FAD73-4400-406D-A6F1-8B2607D22EBB}"
EndProject
Project("{FAE04EC0-301F-11D3-BF4B-00C04F79EFBC}") = "ClassLibrary3", "tests\UserManagementTests\ClassLibrary3\ClassLibrary3.csproj", "{250DA39E-A9E7-46AA-B610-D11764EDD223}"
EndProject
Project("{2150E333-8FDC-42A3-9474-1A3956D46DE8}") = "UserServiceTests", "UserServiceTests", "{2C08103F-A268-46CB-8AE0-DBBB3B8E7FBF}"
EndProject
Project("{FAE04EC0-301F-11D3-BF4B-00C04F79EFBC}") = "UserServiceTests", "tests\UserServiceTests\UserServiceTests.csproj", "{8EC7D2F8-45CD-46E6-B77E-24CCA3B43D38}"
EndProject
Global
	GlobalSection(SolutionConfigurationPlatforms) = preSolution
		Debug|Any CPU = Debug|Any CPU
		Release|Any CPU = Release|Any CPU
	EndGlobalSection
	GlobalSection(ProjectConfigurationPlatforms) = postSolution
		{87DBC5A7-BE73-425A-8DF8-47EC20D8237C}.Debug|Any CPU.ActiveCfg = Debug|Any CPU
		{87DBC5A7-BE73-425A-8DF8-47EC20D8237C}.Debug|Any CPU.Build.0 = Debug|Any CPU
		{87DBC5A7-BE73-425A-8DF8-47EC20D8237C}.Release|Any CPU.ActiveCfg = Release|Any CPU
		{87DBC5A7-BE73-425A-8DF8-47EC20D8237C}.Release|Any CPU.Build.0 = Release|Any CPU
		{C4A53A0E-77B5-4199-8A57-8D8B8AB77C0F}.Debug|Any CPU.ActiveCfg = Debug|Any CPU
		{C4A53A0E-77B5-4199-8A57-8D8B8AB77C0F}.Debug|Any CPU.Build.0 = Debug|Any CPU
		{C4A53A0E-77B5-4199-8A57-8D8B8AB77C0F}.Release|Any CPU.ActiveCfg = Release|Any CPU
		{C4A53A0E-77B5-4199-8A57-8D8B8AB77C0F}.Release|Any CPU.Build.0 = Release|Any CPU
		{9AE0A600-55B5-49EA-A12B-7F933CCEA875}.Debug|Any CPU.ActiveCfg = Debug|Any CPU
		{9AE0A600-55B5-49EA-A12B-7F933CCEA875}.Debug|Any CPU.Build.0 = Debug|Any CPU
		{9AE0A600-55B5-49EA-A12B-7F933CCEA875}.Release|Any CPU.ActiveCfg = Release|Any CPU
		{9AE0A600-55B5-49EA-A12B-7F933CCEA875}.Release|Any CPU.Build.0 = Release|Any CPU
		{3DDC30FF-073B-4BEF-AB3D-5F774385A881}.Debug|Any CPU.ActiveCfg = Debug|Any CPU
		{3DDC30FF-073B-4BEF-AB3D-5F774385A881}.Debug|Any CPU.Build.0 = Debug|Any CPU
		{3DDC30FF-073B-4BEF-AB3D-5F774385A881}.Release|Any CPU.ActiveCfg = Release|Any CPU
		{3DDC30FF-073B-4BEF-AB3D-5F774385A881}.Release|Any CPU.Build.0 = Release|Any CPU
		{7BD1E600-9795-4DB6-AF84-CEEF14318AAD}.Debug|Any CPU.ActiveCfg = Debug|Any CPU
		{7BD1E600-9795-4DB6-AF84-CEEF14318AAD}.Debug|Any CPU.Build.0 = Debug|Any CPU
		{7BD1E600-9795-4DB6-AF84-CEEF14318AAD}.Release|Any CPU.ActiveCfg = Release|Any CPU
		{7BD1E600-9795-4DB6-AF84-CEEF14318AAD}.Release|Any CPU.Build.0 = Release|Any CPU
		{F8F69E13-8E07-4E68-B2B7-D1E28804C7DB}.Debug|Any CPU.ActiveCfg = Debug|Any CPU
		{F8F69E13-8E07-4E68-B2B7-D1E28804C7DB}.Debug|Any CPU.Build.0 = Debug|Any CPU
		{F8F69E13-8E07-4E68-B2B7-D1E28804C7DB}.Release|Any CPU.ActiveCfg = Release|Any CPU
		{F8F69E13-8E07-4E68-B2B7-D1E28804C7DB}.Release|Any CPU.Build.0 = Release|Any CPU
		{A9E6C5C1-FF34-48A4-B474-40EF80AB3D61}.Debug|Any CPU.ActiveCfg = Debug|Any CPU
		{A9E6C5C1-FF34-48A4-B474-40EF80AB3D61}.Debug|Any CPU.Build.0 = Debug|Any CPU
		{A9E6C5C1-FF34-48A4-B474-40EF80AB3D61}.Release|Any CPU.ActiveCfg = Release|Any CPU
		{A9E6C5C1-FF34-48A4-B474-40EF80AB3D61}.Release|Any CPU.Build.0 = Release|Any CPU
		{ECE7AC12-C2B8-4AE2-8DAF-6CD003885670}.Debug|Any CPU.ActiveCfg = Debug|Any CPU
		{ECE7AC12-C2B8-4AE2-8DAF-6CD003885670}.Debug|Any CPU.Build.0 = Debug|Any CPU
		{ECE7AC12-C2B8-4AE2-8DAF-6CD003885670}.Release|Any CPU.ActiveCfg = Release|Any CPU
		{ECE7AC12-C2B8-4AE2-8DAF-6CD003885670}.Release|Any CPU.Build.0 = Release|Any CPU
		{754B8084-11DE-4AB4-882F-18D499ED0298}.Debug|Any CPU.ActiveCfg = Debug|Any CPU
		{754B8084-11DE-4AB4-882F-18D499ED0298}.Debug|Any CPU.Build.0 = Debug|Any CPU
		{754B8084-11DE-4AB4-882F-18D499ED0298}.Release|Any CPU.ActiveCfg = Release|Any CPU
		{754B8084-11DE-4AB4-882F-18D499ED0298}.Release|Any CPU.Build.0 = Release|Any CPU
		{4FBDC395-8DA8-4E09-8D2A-31439C88A5EF}.Debug|Any CPU.ActiveCfg = Debug|Any CPU
		{4FBDC395-8DA8-4E09-8D2A-31439C88A5EF}.Debug|Any CPU.Build.0 = Debug|Any CPU
		{4FBDC395-8DA8-4E09-8D2A-31439C88A5EF}.Release|Any CPU.ActiveCfg = Release|Any CPU
		{4FBDC395-8DA8-4E09-8D2A-31439C88A5EF}.Release|Any CPU.Build.0 = Release|Any CPU
		{0D02750C-E799-48B1-ADDD-4103E2D62D6E}.Debug|Any CPU.ActiveCfg = Debug|Any CPU
		{0D02750C-E799-48B1-ADDD-4103E2D62D6E}.Debug|Any CPU.Build.0 = Debug|Any CPU
		{0D02750C-E799-48B1-ADDD-4103E2D62D6E}.Release|Any CPU.ActiveCfg = Release|Any CPU
		{0D02750C-E799-48B1-ADDD-4103E2D62D6E}.Release|Any CPU.Build.0 = Release|Any CPU
		{D1C5EF48-41D3-4FD0-BF43-E004F2431F8D}.Debug|Any CPU.ActiveCfg = Debug|Any CPU
		{D1C5EF48-41D3-4FD0-BF43-E004F2431F8D}.Debug|Any CPU.Build.0 = Debug|Any CPU
		{D1C5EF48-41D3-4FD0-BF43-E004F2431F8D}.Release|Any CPU.ActiveCfg = Release|Any CPU
		{D1C5EF48-41D3-4FD0-BF43-E004F2431F8D}.Release|Any CPU.Build.0 = Release|Any CPU
		{D0C9B5DC-4331-4334-93AF-DBF6C6E4D341}.Debug|Any CPU.ActiveCfg = Debug|Any CPU
		{D0C9B5DC-4331-4334-93AF-DBF6C6E4D341}.Debug|Any CPU.Build.0 = Debug|Any CPU
		{D0C9B5DC-4331-4334-93AF-DBF6C6E4D341}.Release|Any CPU.ActiveCfg = Release|Any CPU
		{D0C9B5DC-4331-4334-93AF-DBF6C6E4D341}.Release|Any CPU.Build.0 = Release|Any CPU
		{250DA39E-A9E7-46AA-B610-D11764EDD223}.Debug|Any CPU.ActiveCfg = Debug|Any CPU
		{250DA39E-A9E7-46AA-B610-D11764EDD223}.Debug|Any CPU.Build.0 = Debug|Any CPU
		{250DA39E-A9E7-46AA-B610-D11764EDD223}.Release|Any CPU.ActiveCfg = Release|Any CPU
		{250DA39E-A9E7-46AA-B610-D11764EDD223}.Release|Any CPU.Build.0 = Release|Any CPU
		{8EC7D2F8-45CD-46E6-B77E-24CCA3B43D38}.Debug|Any CPU.ActiveCfg = Debug|Any CPU
		{8EC7D2F8-45CD-46E6-B77E-24CCA3B43D38}.Debug|Any CPU.Build.0 = Debug|Any CPU
		{8EC7D2F8-45CD-46E6-B77E-24CCA3B43D38}.Release|Any CPU.ActiveCfg = Release|Any CPU
		{8EC7D2F8-45CD-46E6-B77E-24CCA3B43D38}.Release|Any CPU.Build.0 = Release|Any CPU
	EndGlobalSection
	GlobalSection(SolutionProperties) = preSolution
		HideSolutionNode = FALSE
	EndGlobalSection
	GlobalSection(NestedProjects) = preSolution
		{5D912FDF-B279-4088-9FF1-FDC9B2432546} = {7BDE10ED-6835-4ACC-AA85-09CBFC2A48C9}
		{5764C7D0-6AA6-453A-AFDD-17DE86BE25D0} = {7BDE10ED-6835-4ACC-AA85-09CBFC2A48C9}
		{1DF767BA-EE9D-4B55-95DE-B3437276502A} = {7BDE10ED-6835-4ACC-AA85-09CBFC2A48C9}
		{87DBC5A7-BE73-425A-8DF8-47EC20D8237C} = {5764C7D0-6AA6-453A-AFDD-17DE86BE25D0}
		{C4A53A0E-77B5-4199-8A57-8D8B8AB77C0F} = {5764C7D0-6AA6-453A-AFDD-17DE86BE25D0}
		{9AE0A600-55B5-49EA-A12B-7F933CCEA875} = {5764C7D0-6AA6-453A-AFDD-17DE86BE25D0}
		{3DDC30FF-073B-4BEF-AB3D-5F774385A881} = {5764C7D0-6AA6-453A-AFDD-17DE86BE25D0}
		{7BD1E600-9795-4DB6-AF84-CEEF14318AAD} = {1DF767BA-EE9D-4B55-95DE-B3437276502A}
		{F8F69E13-8E07-4E68-B2B7-D1E28804C7DB} = {1DF767BA-EE9D-4B55-95DE-B3437276502A}
		{A9E6C5C1-FF34-48A4-B474-40EF80AB3D61} = {1DF767BA-EE9D-4B55-95DE-B3437276502A}
		{ECE7AC12-C2B8-4AE2-8DAF-6CD003885670} = {1DF767BA-EE9D-4B55-95DE-B3437276502A}
		{754B8084-11DE-4AB4-882F-18D499ED0298} = {5D912FDF-B279-4088-9FF1-FDC9B2432546}
		{4FBDC395-8DA8-4E09-8D2A-31439C88A5EF} = {5D912FDF-B279-4088-9FF1-FDC9B2432546}
		{0D02750C-E799-48B1-ADDD-4103E2D62D6E} = {5D912FDF-B279-4088-9FF1-FDC9B2432546}
		{D1C5EF48-41D3-4FD0-BF43-E004F2431F8D} = {5D912FDF-B279-4088-9FF1-FDC9B2432546}
		{C76D6530-909A-430B-B731-EA1F3E23CD40} = {69079A05-0AE0-4F01-A952-50F5EB719EAC}
		{D0C9B5DC-4331-4334-93AF-DBF6C6E4D341} = {C76D6530-909A-430B-B731-EA1F3E23CD40}
		{F99FAD73-4400-406D-A6F1-8B2607D22EBB} = {69079A05-0AE0-4F01-A952-50F5EB719EAC}
		{250DA39E-A9E7-46AA-B610-D11764EDD223} = {F99FAD73-4400-406D-A6F1-8B2607D22EBB}
		{2C08103F-A268-46CB-8AE0-DBBB3B8E7FBF} = {69079A05-0AE0-4F01-A952-50F5EB719EAC}
		{8EC7D2F8-45CD-46E6-B77E-24CCA3B43D38} = {2C08103F-A268-46CB-8AE0-DBBB3B8E7FBF}
	EndGlobalSection
EndGlobal
